{
  "name": "nodejs-main",
  "version": "1.0.0",
  "lockfileVersion": 3,
  "requires": true,
  "packages": {
    "": {
      "name": "nodejs-main",
      "version": "1.0.0",
      "license": "ISC",
      "dependencies": {
        "most-repeated-letter-techmagic": "^1.0.0"
      }
    },
    "node_modules/most-repeated-letter-techmagic": {
      "version": "1.0.0",
      "resolved": "https://registry.npmjs.org/most-repeated-letter-techmagic/-/most-repeated-letter-techmagic-1.0.0.tgz",
      "integrity": "sha512-OrL1ygjdF2GFOjhsAH3dmm5qrLZnrkvjl7AO6fD+GUe4TqSBVc81Z8DADhW+zsxNkWNX4bP3TQdhmn1qUwjrww=="
    }
  }
}
